
Microsoft Visual Studio Solution File, Format Version 12.00
# Visual Studio Version 16
VisualStudioVersion = 16.0.31624.102
MinimumVisualStudioVersion = 10.0.40219.1
Project("{FAE04EC0-301F-11D3-BF4B-00C04F79EFBC}") = "OIB_lab_2", "OIB_lab_2\OIB_lab_2.csproj", "{3F275256-A224-44A5-B3CF-D0D2CBBAD461}"
EndProject
Global
	GlobalSection(SolutionConfigurationPlatforms) = preSolution
		Debug|Any CPU = Debug|Any CPU
		Release|Any CPU = Release|Any CPU
	EndGlobalSection
	GlobalSection(ProjectConfigurationPlatforms) = postSolution
		{3F275256-A224-44A5-B3CF-D0D2CBBAD461}.Debug|Any CPU.ActiveCfg = Debug|Any CPU
		{3F275256-A224-44A5-B3CF-D0D2CBBAD461}.Debug|Any CPU.Build.0 = Debug|Any CPU
		{3F275256-A224-44A5-B3CF-D0D2CBBAD461}.Release|Any CPU.ActiveCfg = Release|Any CPU
		{3F275256-A224-44A5-B3CF-D0D2CBBAD461}.Release|Any CPU.Build.0 = Release|Any CPU
	EndGlobalSection
	GlobalSection(SolutionProperties) = preSolution
		HideSolutionNode = FALSE
	EndGlobalSection
	GlobalSection(ExtensibilityGlobals) = postSolution
		SolutionGuid = {8B0DF484-70BF-4834-AABE-97FE90B132DC}
	EndGlobalSection
EndGlobal
